
Microsoft Visual Studio Solution File, Format Version 12.00
# Visual Studio 15
Project("{FAE04EC0-301F-11D3-BF4B-00C04F79EFBC}") = "UnityEngine.UI", "UnityEngine.UI.csproj", "{B02C968F-4EA2-3A04-A105-CC452A1E63E0}"
EndProject
Project("{FAE04EC0-301F-11D3-BF4B-00C04F79EFBC}") = "Assembly-CSharp", "Assembly-CSharp.csproj", "{939B7889-3504-2DE3-1265-6A7D14F94DE4}"
EndProject
Project("{FAE04EC0-301F-11D3-BF4B-00C04F79EFBC}") = "UnityEditor.UI", "UnityEditor.UI.csproj", "{E0AC93B1-C0AC-8744-7FBF-7D346F1C15B1}"
EndProject
Project("{FAE04EC0-301F-11D3-BF4B-00C04F79EFBC}") = "Unity.2D.Sprite.Editor", "Unity.2D.Sprite.Editor.csproj", "{3DE10210-7BDD-EE7A-1E2B-25CA72519A68}"
EndProject
Project("{FAE04EC0-301F-11D3-BF4B-00C04F79EFBC}") = "Unity.2D.Tilemap.Editor", "Unity.2D.Tilemap.Editor.csproj", "{A3D2FE9E-B0BC-15A5-7508-46A5A2DE1855}"
EndProject
Global
	GlobalSection(SolutionConfigurationPlatforms) = preSolution
		Debug|Any CPU = Debug|Any CPU
		Release|Any CPU = Release|Any CPU
	EndGlobalSection
	GlobalSection(ProjectConfigurationPlatforms) = postSolution
		{B02C968F-4EA2-3A04-A105-CC452A1E63E0}.Debug|Any CPU.ActiveCfg = Debug|Any CPU
		{B02C968F-4EA2-3A04-A105-CC452A1E63E0}.Debug|Any CPU.Build.0 = Debug|Any CPU
		{B02C968F-4EA2-3A04-A105-CC452A1E63E0}.Release|Any CPU.ActiveCfg = Release|Any CPU
		{B02C968F-4EA2-3A04-A105-CC452A1E63E0}.Release|Any CPU.Build.0 = Release|Any CPU
		{939B7889-3504-2DE3-1265-6A7D14F94DE4}.Debug|Any CPU.ActiveCfg = Debug|Any CPU
		{939B7889-3504-2DE3-1265-6A7D14F94DE4}.Debug|Any CPU.Build.0 = Debug|Any CPU
		{939B7889-3504-2DE3-1265-6A7D14F94DE4}.Release|Any CPU.ActiveCfg = Release|Any CPU
		{939B7889-3504-2DE3-1265-6A7D14F94DE4}.Release|Any CPU.Build.0 = Release|Any CPU
		{E0AC93B1-C0AC-8744-7FBF-7D346F1C15B1}.Debug|Any CPU.ActiveCfg = Debug|Any CPU
		{E0AC93B1-C0AC-8744-7FBF-7D346F1C15B1}.Debug|Any CPU.Build.0 = Debug|Any CPU
		{E0AC93B1-C0AC-8744-7FBF-7D346F1C15B1}.Release|Any CPU.ActiveCfg = Release|Any CPU
		{E0AC93B1-C0AC-8744-7FBF-7D346F1C15B1}.Release|Any CPU.Build.0 = Release|Any CPU
		{3DE10210-7BDD-EE7A-1E2B-25CA72519A68}.Debug|Any CPU.ActiveCfg = Debug|Any CPU
		{3DE10210-7BDD-EE7A-1E2B-25CA72519A68}.Debug|Any CPU.Build.0 = Debug|Any CPU
		{3DE10210-7BDD-EE7A-1E2B-25CA72519A68}.Release|Any CPU.ActiveCfg = Release|Any CPU
		{3DE10210-7BDD-EE7A-1E2B-25CA72519A68}.Release|Any CPU.Build.0 = Release|Any CPU
		{A3D2FE9E-B0BC-15A5-7508-46A5A2DE1855}.Debug|Any CPU.ActiveCfg = Debug|Any CPU
		{A3D2FE9E-B0BC-15A5-7508-46A5A2DE1855}.Debug|Any CPU.Build.0 = Debug|Any CPU
		{A3D2FE9E-B0BC-15A5-7508-46A5A2DE1855}.Release|Any CPU.ActiveCfg = Release|Any CPU
		{A3D2FE9E-B0BC-15A5-7508-46A5A2DE1855}.Release|Any CPU.Build.0 = Release|Any CPU
	EndGlobalSection
	GlobalSection(SolutionProperties) = preSolution
		HideSolutionNode = FALSE
	EndGlobalSection
EndGlobal
